
Microsoft Visual Studio Solution File, Format Version 12.00
# Visual Studio Version 16
VisualStudioVersion = 25.0.1704.0
MinimumVisualStudioVersion = 10.0.40219.1
Project("{FAE04EC0-301F-11D3-BF4B-00C04F79EFBC}") = "Banque", "Banque\Banque.csproj", "{8385E16C-0709-4526-A38C-CAD1ACECF840}"
EndProject
Project("{FAE04EC0-301F-11D3-BF4B-00C04F79EFBC}") = "BanqueTests", "BanqueTests\BanqueTests.csproj", "{8DC90A49-AB34-471D-9E99-FF817448F7AB}"
EndProject
Global
	GlobalSection(SolutionConfigurationPlatforms) = preSolution
		Debug|Any CPU = Debug|Any CPU
		Release|Any CPU = Release|Any CPU
	EndGlobalSection
	GlobalSection(ProjectConfigurationPlatforms) = postSolution
		{8385E16C-0709-4526-A38C-CAD1ACECF840}.Debug|Any CPU.ActiveCfg = Debug|Any CPU
		{8385E16C-0709-4526-A38C-CAD1ACECF840}.Debug|Any CPU.Build.0 = Debug|Any CPU
		{8385E16C-0709-4526-A38C-CAD1ACECF840}.Release|Any CPU.ActiveCfg = Release|Any CPU
		{8385E16C-0709-4526-A38C-CAD1ACECF840}.Release|Any CPU.Build.0 = Release|Any CPU
		{8DC90A49-AB34-471D-9E99-FF817448F7AB}.Debug|Any CPU.ActiveCfg = Debug|Any CPU
		{8DC90A49-AB34-471D-9E99-FF817448F7AB}.Debug|Any CPU.Build.0 = Debug|Any CPU
		{8DC90A49-AB34-471D-9E99-FF817448F7AB}.Release|Any CPU.ActiveCfg = Release|Any CPU
		{8DC90A49-AB34-471D-9E99-FF817448F7AB}.Release|Any CPU.Build.0 = Release|Any CPU
	EndGlobalSection
	GlobalSection(SolutionProperties) = preSolution
		HideSolutionNode = FALSE
	EndGlobalSection
	GlobalSection(ExtensibilityGlobals) = postSolution
		SolutionGuid = {4E6B73C3-4E09-4DB9-85C6-066B674550D1}
	EndGlobalSection
EndGlobal
